
Microsoft Visual Studio Solution File, Format Version 12.00
# Visual Studio 15
VisualStudioVersion = 15.0.27130.2036
MinimumVisualStudioVersion = 10.0.40219.1
Project("{2150E333-8FDC-42A3-9474-1A3956D46DE8}") = "Core", "Core", "{982ABB4E-A5DC-4C78-87A3-30BF49DD5764}"
EndProject
Project("{9A19103F-16F7-4668-BE54-9A1E7A4F7556}") = "HomeCenter.Tests", "Core\HomeCenter.Tests\HomeCenter.Tests.csproj", "{B34005E7-50FD-4E6D-A9C5-FF044D58A2CF}"
EndProject
Project("{2150E333-8FDC-42A3-9474-1A3956D46DE8}") = "Actors", "Actors", "{D8E749E8-9967-4DD3-91BD-6B05010FB5DB}"
EndProject
Project("{9A19103F-16F7-4668-BE54-9A1E7A4F7556}") = "HomeCenter.Utils", "Core\HomeCenter.Utils\HomeCenter.Utils.csproj", "{6B6FEE1D-5366-44D4-B363-B8D1F7900788}"
EndProject
Project("{9A19103F-16F7-4668-BE54-9A1E7A4F7556}") = "HomeCenter.EventAggregator", "Core\HomeCenter.EventAggregator\HomeCenter.EventAggregator.csproj", "{D24B514D-A412-49AF-97A9-A0B08EFB7085}"
EndProject
Project("{9A19103F-16F7-4668-BE54-9A1E7A4F7556}") = "HomeCenter.Services", "Core\HomeCenter.Services\HomeCenter.Services.csproj", "{E7FC5F80-01BB-49ED-BE73-1D1CD2D859F4}"
EndProject
Project("{2150E333-8FDC-42A3-9474-1A3956D46DE8}") = "Services", "Services", "{0AF3FA24-7FC6-49BD-82E8-B5B6103D03EC}"
EndProject
Project("{9A19103F-16F7-4668-BE54-9A1E7A4F7556}") = "HomeCenter.Services.Move", "Services\HomeCenter.Services.Move\HomeCenter.Services.Move.csproj", "{77ED6B6C-F9E8-4664-9525-6A9EA107DF2D}"
EndProject
Project("{2150E333-8FDC-42A3-9474-1A3956D46DE8}") = "ExternalServices", "ExternalServices", "{B63DE5E8-C2E2-4A5C-9180-DC8DF1D4F186}"
EndProject
Project("{9A19103F-16F7-4668-BE54-9A1E7A4F7556}") = "HomeCenter.Alexa.Model", "ExternalServices\HomeCenter.Alexa.Model\HomeCenter.Alexa.Model.csproj", "{492E94DA-BA33-42FA-BFE5-29EAC7EDB11D}"
EndProject
Project("{9A19103F-16F7-4668-BE54-9A1E7A4F7556}") = "HomeCenter.Alexa.OAuth", "ExternalServices\HomeCenter.Alexa.OAuth\HomeCenter.Alexa.OAuth.csproj", "{813C30FF-48A1-4D32-B553-25C18213DA05}"
EndProject
Project("{9A19103F-16F7-4668-BE54-9A1E7A4F7556}") = "HomeCenter.Alexa.Service", "ExternalServices\HomeCenter.Alexa.Service\HomeCenter.Alexa.Service.csproj", "{6635DA03-45C7-49C3-AEBD-AC323BFB6EA8}"
EndProject
Project("{9A19103F-16F7-4668-BE54-9A1E7A4F7556}") = "HomeCenter.WindowsService", "ExternalServices\HomeCenter.WindowsService\HomeCenter.WindowsService.csproj", "{B764221E-EC64-4239-815B-0B1BE7B89CC2}"
EndProject
Project("{9A19103F-16F7-4668-BE54-9A1E7A4F7556}") = "HomeCenter.WindowsService.Core", "ExternalServices\HomeCenter.WindowsService.Core\HomeCenter.WindowsService.Core.csproj", "{8664CC21-FA04-43C0-86B6-B2921CA43492}"
EndProject
Project("{2150E333-8FDC-42A3-9474-1A3956D46DE8}") = "Utils", "Utils", "{50E71A57-69CA-4B0B-A08C-55D846870287}"
EndProject
Project("{9A19103F-16F7-4668-BE54-9A1E7A4F7556}") = "HomeCenter.Services.Alexa", "Services\HomeCenter.Services.Alexa\HomeCenter.Services.Alexa.csproj", "{2DCC2922-EC23-4133-877E-D6E8CD0DBBA0}"
EndProject
Project("{9A19103F-16F7-4668-BE54-9A1E7A4F7556}") = "HomeCenter.Analyzer", "Utils\HomeCenter.Analyzer\HomeCenter.Analyzer\HomeCenter.Analyzer.csproj", "{5C608560-9209-4B06-83B1-34571B74BE1E}"
EndProject
Project("{9A19103F-16F7-4668-BE54-9A1E7A4F7556}") = "HomeCenter.Analyzer.Test", "Utils\HomeCenter.Analyzer\HomeCenter.Analyzer.Test\HomeCenter.Analyzer.Test.csproj", "{8D943097-9F41-4DBE-BFDA-3BFF05A9D59F}"
EndProject
Project("{FAE04EC0-301F-11D3-BF4B-00C04F79EFBC}") = "HomeCenter.Analyzer.Vsix", "Utils\HomeCenter.Analyzer\HomeCenter.Analyzer.Vsix\HomeCenter.Analyzer.Vsix.csproj", "{C94EB1EF-1F8F-4842-B4C9-8B0AA4960FE4}"
EndProject
Project("{9A19103F-16F7-4668-BE54-9A1E7A4F7556}") = "HomeCenter.CodeGeneration", "Core\HomeCenter.CodeGeneration\HomeCenter.CodeGeneration.csproj", "{38532E39-7C21-48E0-8B4D-CD9F3802DF25}"
EndProject
Project("{2150E333-8FDC-42A3-9474-1A3956D46DE8}") = "Configurations", "Configurations", "{416C1B23-9BFF-4763-95D5-BACF7DAB774E}"
	ProjectSection(SolutionItems) = preProject
		Configurations\componentConfiguration.json = Configurations\componentConfiguration.json
		Configurations\oneComponentConfiguration.json = Configurations\oneComponentConfiguration.json
	EndProjectSection
EndProject
Project("{9A19103F-16F7-4668-BE54-9A1E7A4F7556}") = "HomeCenter.Actors", "Actors\ActorsContainer\HomeCenter.Actors.csproj", "{9F030025-F0FB-49D1-BD42-2E83C69F2A4A}"
EndProject
Project("{9A19103F-16F7-4668-BE54-9A1E7A4F7556}") = "HomeCenter.Runner", "Utils\HomeCenter.Runner\HomeCenter.Runner.csproj", "{483F2D28-BA2E-4EEF-A7D1-3B8FFBCECC0B}"
EndProject
Project("{9A19103F-16F7-4668-BE54-9A1E7A4F7556}") = "HomeCenter.Model", "Core\HomeCenter.Model\HomeCenter.Model.csproj", "{7A11A84A-66E9-44E9-BB7C-27A1D2C47EF0}"
EndProject
Project("{9A19103F-16F7-4668-BE54-9A1E7A4F7556}") = "HomeCenter.Storage.RavenDB", "Core\HomeCenter.Storage.RavenDB\HomeCenter.Storage.RavenDB.csproj", "{89682CD7-1CC9-4FC3-8DAE-948F17BA8940}"
EndProject
Project("{9A19103F-16F7-4668-BE54-9A1E7A4F7556}") = "HomeCenter.Host", "Core\HomeCenter.Host\HomeCenter.Host.csproj", "{1EBF25A3-DFD9-4808-8320-D4480BE7334F}"
EndProject
Project("{2150E333-8FDC-42A3-9474-1A3956D46DE8}") = "Scripts", "Scripts", "{3E06D1AB-4882-41A7-928D-061BE57544DE}"
	ProjectSection(SolutionItems) = preProject
		Scripts\DeployToRaspberry.ps1 = Scripts\DeployToRaspberry.ps1
	EndProjectSection
EndProject
Global
	GlobalSection(SolutionConfigurationPlatforms) = preSolution
		Debug|Any CPU = Debug|Any CPU
		Debug|ARM = Debug|ARM
		Release|Any CPU = Release|Any CPU
		Release|ARM = Release|ARM
	EndGlobalSection
	GlobalSection(ProjectConfigurationPlatforms) = postSolution
		{B34005E7-50FD-4E6D-A9C5-FF044D58A2CF}.Debug|Any CPU.ActiveCfg = Debug|Any CPU
		{B34005E7-50FD-4E6D-A9C5-FF044D58A2CF}.Debug|Any CPU.Build.0 = Debug|Any CPU
		{B34005E7-50FD-4E6D-A9C5-FF044D58A2CF}.Debug|ARM.ActiveCfg = Debug|Any CPU
		{B34005E7-50FD-4E6D-A9C5-FF044D58A2CF}.Debug|ARM.Build.0 = Debug|Any CPU
		{B34005E7-50FD-4E6D-A9C5-FF044D58A2CF}.Release|Any CPU.ActiveCfg = Release|Any CPU
		{B34005E7-50FD-4E6D-A9C5-FF044D58A2CF}.Release|Any CPU.Build.0 = Release|Any CPU
		{B34005E7-50FD-4E6D-A9C5-FF044D58A2CF}.Release|ARM.ActiveCfg = Release|Any CPU
		{B34005E7-50FD-4E6D-A9C5-FF044D58A2CF}.Release|ARM.Build.0 = Release|Any CPU
		{6B6FEE1D-5366-44D4-B363-B8D1F7900788}.Debug|Any CPU.ActiveCfg = Debug|Any CPU
		{6B6FEE1D-5366-44D4-B363-B8D1F7900788}.Debug|Any CPU.Build.0 = Debug|Any CPU
		{6B6FEE1D-5366-44D4-B363-B8D1F7900788}.Debug|ARM.ActiveCfg = Debug|Any CPU
		{6B6FEE1D-5366-44D4-B363-B8D1F7900788}.Debug|ARM.Build.0 = Debug|Any CPU
		{6B6FEE1D-5366-44D4-B363-B8D1F7900788}.Release|Any CPU.ActiveCfg = Release|Any CPU
		{6B6FEE1D-5366-44D4-B363-B8D1F7900788}.Release|Any CPU.Build.0 = Release|Any CPU
		{6B6FEE1D-5366-44D4-B363-B8D1F7900788}.Release|ARM.ActiveCfg = Release|Any CPU
		{6B6FEE1D-5366-44D4-B363-B8D1F7900788}.Release|ARM.Build.0 = Release|Any CPU
		{D24B514D-A412-49AF-97A9-A0B08EFB7085}.Debug|Any CPU.ActiveCfg = Debug|Any CPU
		{D24B514D-A412-49AF-97A9-A0B08EFB7085}.Debug|Any CPU.Build.0 = Debug|Any CPU
		{D24B514D-A412-49AF-97A9-A0B08EFB7085}.Debug|ARM.ActiveCfg = Debug|Any CPU
		{D24B514D-A412-49AF-97A9-A0B08EFB7085}.Debug|ARM.Build.0 = Debug|Any CPU
		{D24B514D-A412-49AF-97A9-A0B08EFB7085}.Release|Any CPU.ActiveCfg = Release|Any CPU
		{D24B514D-A412-49AF-97A9-A0B08EFB7085}.Release|Any CPU.Build.0 = Release|Any CPU
		{D24B514D-A412-49AF-97A9-A0B08EFB7085}.Release|ARM.ActiveCfg = Release|Any CPU
		{D24B514D-A412-49AF-97A9-A0B08EFB7085}.Release|ARM.Build.0 = Release|Any CPU
		{E7FC5F80-01BB-49ED-BE73-1D1CD2D859F4}.Debug|Any CPU.ActiveCfg = Debug|Any CPU
		{E7FC5F80-01BB-49ED-BE73-1D1CD2D859F4}.Debug|Any CPU.Build.0 = Debug|Any CPU
		{E7FC5F80-01BB-49ED-BE73-1D1CD2D859F4}.Debug|ARM.ActiveCfg = Debug|Any CPU
		{E7FC5F80-01BB-49ED-BE73-1D1CD2D859F4}.Debug|ARM.Build.0 = Debug|Any CPU
		{E7FC5F80-01BB-49ED-BE73-1D1CD2D859F4}.Release|Any CPU.ActiveCfg = Release|Any CPU
		{E7FC5F80-01BB-49ED-BE73-1D1CD2D859F4}.Release|Any CPU.Build.0 = Release|Any CPU
		{E7FC5F80-01BB-49ED-BE73-1D1CD2D859F4}.Release|ARM.ActiveCfg = Release|Any CPU
		{E7FC5F80-01BB-49ED-BE73-1D1CD2D859F4}.Release|ARM.Build.0 = Release|Any CPU
		{77ED6B6C-F9E8-4664-9525-6A9EA107DF2D}.Debug|Any CPU.ActiveCfg = Debug|Any CPU
		{77ED6B6C-F9E8-4664-9525-6A9EA107DF2D}.Debug|Any CPU.Build.0 = Debug|Any CPU
		{77ED6B6C-F9E8-4664-9525-6A9EA107DF2D}.Debug|ARM.ActiveCfg = Debug|Any CPU
		{77ED6B6C-F9E8-4664-9525-6A9EA107DF2D}.Debug|ARM.Build.0 = Debug|Any CPU
		{77ED6B6C-F9E8-4664-9525-6A9EA107DF2D}.Release|Any CPU.ActiveCfg = Release|Any CPU
		{77ED6B6C-F9E8-4664-9525-6A9EA107DF2D}.Release|Any CPU.Build.0 = Release|Any CPU
		{77ED6B6C-F9E8-4664-9525-6A9EA107DF2D}.Release|ARM.ActiveCfg = Release|Any CPU
		{77ED6B6C-F9E8-4664-9525-6A9EA107DF2D}.Release|ARM.Build.0 = Release|Any CPU
		{492E94DA-BA33-42FA-BFE5-29EAC7EDB11D}.Debug|Any CPU.ActiveCfg = Debug|Any CPU
		{492E94DA-BA33-42FA-BFE5-29EAC7EDB11D}.Debug|Any CPU.Build.0 = Debug|Any CPU
		{492E94DA-BA33-42FA-BFE5-29EAC7EDB11D}.Debug|ARM.ActiveCfg = Debug|Any CPU
		{492E94DA-BA33-42FA-BFE5-29EAC7EDB11D}.Debug|ARM.Build.0 = Debug|Any CPU
		{492E94DA-BA33-42FA-BFE5-29EAC7EDB11D}.Release|Any CPU.ActiveCfg = Release|Any CPU
		{492E94DA-BA33-42FA-BFE5-29EAC7EDB11D}.Release|Any CPU.Build.0 = Release|Any CPU
		{492E94DA-BA33-42FA-BFE5-29EAC7EDB11D}.Release|ARM.ActiveCfg = Release|Any CPU
		{492E94DA-BA33-42FA-BFE5-29EAC7EDB11D}.Release|ARM.Build.0 = Release|Any CPU
		{813C30FF-48A1-4D32-B553-25C18213DA05}.Debug|Any CPU.ActiveCfg = Debug|Any CPU
		{813C30FF-48A1-4D32-B553-25C18213DA05}.Debug|Any CPU.Build.0 = Debug|Any CPU
		{813C30FF-48A1-4D32-B553-25C18213DA05}.Debug|ARM.ActiveCfg = Debug|Any CPU
		{813C30FF-48A1-4D32-B553-25C18213DA05}.Debug|ARM.Build.0 = Debug|Any CPU
		{813C30FF-48A1-4D32-B553-25C18213DA05}.Release|Any CPU.ActiveCfg = Release|Any CPU
		{813C30FF-48A1-4D32-B553-25C18213DA05}.Release|Any CPU.Build.0 = Release|Any CPU
		{813C30FF-48A1-4D32-B553-25C18213DA05}.Release|ARM.ActiveCfg = Release|Any CPU
		{813C30FF-48A1-4D32-B553-25C18213DA05}.Release|ARM.Build.0 = Release|Any CPU
		{6635DA03-45C7-49C3-AEBD-AC323BFB6EA8}.Debug|Any CPU.ActiveCfg = Debug|Any CPU
		{6635DA03-45C7-49C3-AEBD-AC323BFB6EA8}.Debug|Any CPU.Build.0 = Debug|Any CPU
		{6635DA03-45C7-49C3-AEBD-AC323BFB6EA8}.Debug|ARM.ActiveCfg = Debug|Any CPU
		{6635DA03-45C7-49C3-AEBD-AC323BFB6EA8}.Debug|ARM.Build.0 = Debug|Any CPU
		{6635DA03-45C7-49C3-AEBD-AC323BFB6EA8}.Release|Any CPU.ActiveCfg = Release|Any CPU
		{6635DA03-45C7-49C3-AEBD-AC323BFB6EA8}.Release|Any CPU.Build.0 = Release|Any CPU
		{6635DA03-45C7-49C3-AEBD-AC323BFB6EA8}.Release|ARM.ActiveCfg = Release|Any CPU
		{6635DA03-45C7-49C3-AEBD-AC323BFB6EA8}.Release|ARM.Build.0 = Release|Any CPU
		{B764221E-EC64-4239-815B-0B1BE7B89CC2}.Debug|Any CPU.ActiveCfg = Debug|Any CPU
		{B764221E-EC64-4239-815B-0B1BE7B89CC2}.Debug|Any CPU.Build.0 = Debug|Any CPU
		{B764221E-EC64-4239-815B-0B1BE7B89CC2}.Debug|ARM.ActiveCfg = Debug|Any CPU
		{B764221E-EC64-4239-815B-0B1BE7B89CC2}.Debug|ARM.Build.0 = Debug|Any CPU
		{B764221E-EC64-4239-815B-0B1BE7B89CC2}.Release|Any CPU.ActiveCfg = Release|Any CPU
		{B764221E-EC64-4239-815B-0B1BE7B89CC2}.Release|Any CPU.Build.0 = Release|Any CPU
		{B764221E-EC64-4239-815B-0B1BE7B89CC2}.Release|ARM.ActiveCfg = Release|Any CPU
		{B764221E-EC64-4239-815B-0B1BE7B89CC2}.Release|ARM.Build.0 = Release|Any CPU
		{8664CC21-FA04-43C0-86B6-B2921CA43492}.Debug|Any CPU.ActiveCfg = Debug|Any CPU
		{8664CC21-FA04-43C0-86B6-B2921CA43492}.Debug|Any CPU.Build.0 = Debug|Any CPU
		{8664CC21-FA04-43C0-86B6-B2921CA43492}.Debug|ARM.ActiveCfg = Debug|Any CPU
		{8664CC21-FA04-43C0-86B6-B2921CA43492}.Debug|ARM.Build.0 = Debug|Any CPU
		{8664CC21-FA04-43C0-86B6-B2921CA43492}.Release|Any CPU.ActiveCfg = Release|Any CPU
		{8664CC21-FA04-43C0-86B6-B2921CA43492}.Release|Any CPU.Build.0 = Release|Any CPU
		{8664CC21-FA04-43C0-86B6-B2921CA43492}.Release|ARM.ActiveCfg = Release|Any CPU
		{8664CC21-FA04-43C0-86B6-B2921CA43492}.Release|ARM.Build.0 = Release|Any CPU
		{2DCC2922-EC23-4133-877E-D6E8CD0DBBA0}.Debug|Any CPU.ActiveCfg = Debug|Any CPU
		{2DCC2922-EC23-4133-877E-D6E8CD0DBBA0}.Debug|Any CPU.Build.0 = Debug|Any CPU
		{2DCC2922-EC23-4133-877E-D6E8CD0DBBA0}.Debug|ARM.ActiveCfg = Debug|Any CPU
		{2DCC2922-EC23-4133-877E-D6E8CD0DBBA0}.Debug|ARM.Build.0 = Debug|Any CPU
		{2DCC2922-EC23-4133-877E-D6E8CD0DBBA0}.Release|Any CPU.ActiveCfg = Release|Any CPU
		{2DCC2922-EC23-4133-877E-D6E8CD0DBBA0}.Release|Any CPU.Build.0 = Release|Any CPU
		{2DCC2922-EC23-4133-877E-D6E8CD0DBBA0}.Release|ARM.ActiveCfg = Release|Any CPU
		{2DCC2922-EC23-4133-877E-D6E8CD0DBBA0}.Release|ARM.Build.0 = Release|Any CPU
		{5C608560-9209-4B06-83B1-34571B74BE1E}.Debug|Any CPU.ActiveCfg = Debug|Any CPU
		{5C608560-9209-4B06-83B1-34571B74BE1E}.Debug|Any CPU.Build.0 = Debug|Any CPU
		{5C608560-9209-4B06-83B1-34571B74BE1E}.Debug|ARM.ActiveCfg = Debug|Any CPU
		{5C608560-9209-4B06-83B1-34571B74BE1E}.Debug|ARM.Build.0 = Debug|Any CPU
		{5C608560-9209-4B06-83B1-34571B74BE1E}.Release|Any CPU.ActiveCfg = Release|Any CPU
		{5C608560-9209-4B06-83B1-34571B74BE1E}.Release|Any CPU.Build.0 = Release|Any CPU
		{5C608560-9209-4B06-83B1-34571B74BE1E}.Release|ARM.ActiveCfg = Release|Any CPU
		{5C608560-9209-4B06-83B1-34571B74BE1E}.Release|ARM.Build.0 = Release|Any CPU
		{8D943097-9F41-4DBE-BFDA-3BFF05A9D59F}.Debug|Any CPU.ActiveCfg = Debug|Any CPU
		{8D943097-9F41-4DBE-BFDA-3BFF05A9D59F}.Debug|Any CPU.Build.0 = Debug|Any CPU
		{8D943097-9F41-4DBE-BFDA-3BFF05A9D59F}.Debug|ARM.ActiveCfg = Debug|Any CPU
		{8D943097-9F41-4DBE-BFDA-3BFF05A9D59F}.Debug|ARM.Build.0 = Debug|Any CPU
		{8D943097-9F41-4DBE-BFDA-3BFF05A9D59F}.Release|Any CPU.ActiveCfg = Release|Any CPU
		{8D943097-9F41-4DBE-BFDA-3BFF05A9D59F}.Release|Any CPU.Build.0 = Release|Any CPU
		{8D943097-9F41-4DBE-BFDA-3BFF05A9D59F}.Release|ARM.ActiveCfg = Release|Any CPU
		{8D943097-9F41-4DBE-BFDA-3BFF05A9D59F}.Release|ARM.Build.0 = Release|Any CPU
		{C94EB1EF-1F8F-4842-B4C9-8B0AA4960FE4}.Debug|Any CPU.ActiveCfg = Debug|Any CPU
		{C94EB1EF-1F8F-4842-B4C9-8B0AA4960FE4}.Debug|Any CPU.Build.0 = Debug|Any CPU
		{C94EB1EF-1F8F-4842-B4C9-8B0AA4960FE4}.Debug|ARM.ActiveCfg = Debug|Any CPU
		{C94EB1EF-1F8F-4842-B4C9-8B0AA4960FE4}.Debug|ARM.Build.0 = Debug|Any CPU
		{C94EB1EF-1F8F-4842-B4C9-8B0AA4960FE4}.Release|Any CPU.ActiveCfg = Release|Any CPU
		{C94EB1EF-1F8F-4842-B4C9-8B0AA4960FE4}.Release|Any CPU.Build.0 = Release|Any CPU
		{C94EB1EF-1F8F-4842-B4C9-8B0AA4960FE4}.Release|ARM.ActiveCfg = Release|Any CPU
		{C94EB1EF-1F8F-4842-B4C9-8B0AA4960FE4}.Release|ARM.Build.0 = Release|Any CPU
		{38532E39-7C21-48E0-8B4D-CD9F3802DF25}.Debug|Any CPU.ActiveCfg = Debug|Any CPU
		{38532E39-7C21-48E0-8B4D-CD9F3802DF25}.Debug|Any CPU.Build.0 = Debug|Any CPU
		{38532E39-7C21-48E0-8B4D-CD9F3802DF25}.Debug|ARM.ActiveCfg = Debug|Any CPU
		{38532E39-7C21-48E0-8B4D-CD9F3802DF25}.Debug|ARM.Build.0 = Debug|Any CPU
		{38532E39-7C21-48E0-8B4D-CD9F3802DF25}.Release|Any CPU.ActiveCfg = Release|Any CPU
		{38532E39-7C21-48E0-8B4D-CD9F3802DF25}.Release|Any CPU.Build.0 = Release|Any CPU
		{38532E39-7C21-48E0-8B4D-CD9F3802DF25}.Release|ARM.ActiveCfg = Release|Any CPU
		{38532E39-7C21-48E0-8B4D-CD9F3802DF25}.Release|ARM.Build.0 = Release|Any CPU
		{9F030025-F0FB-49D1-BD42-2E83C69F2A4A}.Debug|Any CPU.ActiveCfg = Debug|Any CPU
		{9F030025-F0FB-49D1-BD42-2E83C69F2A4A}.Debug|Any CPU.Build.0 = Debug|Any CPU
		{9F030025-F0FB-49D1-BD42-2E83C69F2A4A}.Debug|ARM.ActiveCfg = Debug|Any CPU
		{9F030025-F0FB-49D1-BD42-2E83C69F2A4A}.Debug|ARM.Build.0 = Debug|Any CPU
		{9F030025-F0FB-49D1-BD42-2E83C69F2A4A}.Release|Any CPU.ActiveCfg = Release|Any CPU
		{9F030025-F0FB-49D1-BD42-2E83C69F2A4A}.Release|Any CPU.Build.0 = Release|Any CPU
		{9F030025-F0FB-49D1-BD42-2E83C69F2A4A}.Release|ARM.ActiveCfg = Release|Any CPU
		{9F030025-F0FB-49D1-BD42-2E83C69F2A4A}.Release|ARM.Build.0 = Release|Any CPU
		{483F2D28-BA2E-4EEF-A7D1-3B8FFBCECC0B}.Debug|Any CPU.ActiveCfg = Debug|Any CPU
		{483F2D28-BA2E-4EEF-A7D1-3B8FFBCECC0B}.Debug|Any CPU.Build.0 = Debug|Any CPU
		{483F2D28-BA2E-4EEF-A7D1-3B8FFBCECC0B}.Debug|ARM.ActiveCfg = Debug|Any CPU
		{483F2D28-BA2E-4EEF-A7D1-3B8FFBCECC0B}.Debug|ARM.Build.0 = Debug|Any CPU
		{483F2D28-BA2E-4EEF-A7D1-3B8FFBCECC0B}.Release|Any CPU.ActiveCfg = Release|Any CPU
		{483F2D28-BA2E-4EEF-A7D1-3B8FFBCECC0B}.Release|Any CPU.Build.0 = Release|Any CPU
		{483F2D28-BA2E-4EEF-A7D1-3B8FFBCECC0B}.Release|ARM.ActiveCfg = Release|Any CPU
		{483F2D28-BA2E-4EEF-A7D1-3B8FFBCECC0B}.Release|ARM.Build.0 = Release|Any CPU
		{7A11A84A-66E9-44E9-BB7C-27A1D2C47EF0}.Debug|Any CPU.ActiveCfg = Debug|Any CPU
		{7A11A84A-66E9-44E9-BB7C-27A1D2C47EF0}.Debug|Any CPU.Build.0 = Debug|Any CPU
		{7A11A84A-66E9-44E9-BB7C-27A1D2C47EF0}.Debug|ARM.ActiveCfg = Debug|Any CPU
		{7A11A84A-66E9-44E9-BB7C-27A1D2C47EF0}.Debug|ARM.Build.0 = Debug|Any CPU
		{7A11A84A-66E9-44E9-BB7C-27A1D2C47EF0}.Release|Any CPU.ActiveCfg = Release|Any CPU
		{7A11A84A-66E9-44E9-BB7C-27A1D2C47EF0}.Release|Any CPU.Build.0 = Release|Any CPU
		{7A11A84A-66E9-44E9-BB7C-27A1D2C47EF0}.Release|ARM.ActiveCfg = Release|Any CPU
		{7A11A84A-66E9-44E9-BB7C-27A1D2C47EF0}.Release|ARM.Build.0 = Release|Any CPU
		{89682CD7-1CC9-4FC3-8DAE-948F17BA8940}.Debug|Any CPU.ActiveCfg = Debug|Any CPU
		{89682CD7-1CC9-4FC3-8DAE-948F17BA8940}.Debug|Any CPU.Build.0 = Debug|Any CPU
		{89682CD7-1CC9-4FC3-8DAE-948F17BA8940}.Debug|ARM.ActiveCfg = Debug|Any CPU
		{89682CD7-1CC9-4FC3-8DAE-948F17BA8940}.Debug|ARM.Build.0 = Debug|Any CPU
		{89682CD7-1CC9-4FC3-8DAE-948F17BA8940}.Release|Any CPU.ActiveCfg = Release|Any CPU
		{89682CD7-1CC9-4FC3-8DAE-948F17BA8940}.Release|Any CPU.Build.0 = Release|Any CPU
		{89682CD7-1CC9-4FC3-8DAE-948F17BA8940}.Release|ARM.ActiveCfg = Release|Any CPU
		{89682CD7-1CC9-4FC3-8DAE-948F17BA8940}.Release|ARM.Build.0 = Release|Any CPU
		{1EBF25A3-DFD9-4808-8320-D4480BE7334F}.Debug|Any CPU.ActiveCfg = Debug|Any CPU
		{1EBF25A3-DFD9-4808-8320-D4480BE7334F}.Debug|Any CPU.Build.0 = Debug|Any CPU
		{1EBF25A3-DFD9-4808-8320-D4480BE7334F}.Debug|ARM.ActiveCfg = Debug|Any CPU
		{1EBF25A3-DFD9-4808-8320-D4480BE7334F}.Debug|ARM.Build.0 = Debug|Any CPU
		{1EBF25A3-DFD9-4808-8320-D4480BE7334F}.Release|Any CPU.ActiveCfg = Release|Any CPU
		{1EBF25A3-DFD9-4808-8320-D4480BE7334F}.Release|Any CPU.Build.0 = Release|Any CPU
		{1EBF25A3-DFD9-4808-8320-D4480BE7334F}.Release|ARM.ActiveCfg = Release|Any CPU
		{1EBF25A3-DFD9-4808-8320-D4480BE7334F}.Release|ARM.Build.0 = Release|Any CPU
	EndGlobalSection
	GlobalSection(SolutionProperties) = preSolution
		HideSolutionNode = FALSE
	EndGlobalSection
	GlobalSection(NestedProjects) = preSolution
		{B34005E7-50FD-4E6D-A9C5-FF044D58A2CF} = {982ABB4E-A5DC-4C78-87A3-30BF49DD5764}
		{6B6FEE1D-5366-44D4-B363-B8D1F7900788} = {982ABB4E-A5DC-4C78-87A3-30BF49DD5764}
		{D24B514D-A412-49AF-97A9-A0B08EFB7085} = {982ABB4E-A5DC-4C78-87A3-30BF49DD5764}
		{E7FC5F80-01BB-49ED-BE73-1D1CD2D859F4} = {982ABB4E-A5DC-4C78-87A3-30BF49DD5764}
		{77ED6B6C-F9E8-4664-9525-6A9EA107DF2D} = {0AF3FA24-7FC6-49BD-82E8-B5B6103D03EC}
		{492E94DA-BA33-42FA-BFE5-29EAC7EDB11D} = {B63DE5E8-C2E2-4A5C-9180-DC8DF1D4F186}
		{813C30FF-48A1-4D32-B553-25C18213DA05} = {B63DE5E8-C2E2-4A5C-9180-DC8DF1D4F186}
		{6635DA03-45C7-49C3-AEBD-AC323BFB6EA8} = {B63DE5E8-C2E2-4A5C-9180-DC8DF1D4F186}
		{B764221E-EC64-4239-815B-0B1BE7B89CC2} = {B63DE5E8-C2E2-4A5C-9180-DC8DF1D4F186}
		{8664CC21-FA04-43C0-86B6-B2921CA43492} = {B63DE5E8-C2E2-4A5C-9180-DC8DF1D4F186}
		{2DCC2922-EC23-4133-877E-D6E8CD0DBBA0} = {0AF3FA24-7FC6-49BD-82E8-B5B6103D03EC}
		{5C608560-9209-4B06-83B1-34571B74BE1E} = {50E71A57-69CA-4B0B-A08C-55D846870287}
		{8D943097-9F41-4DBE-BFDA-3BFF05A9D59F} = {50E71A57-69CA-4B0B-A08C-55D846870287}
		{C94EB1EF-1F8F-4842-B4C9-8B0AA4960FE4} = {50E71A57-69CA-4B0B-A08C-55D846870287}
		{38532E39-7C21-48E0-8B4D-CD9F3802DF25} = {982ABB4E-A5DC-4C78-87A3-30BF49DD5764}
		{9F030025-F0FB-49D1-BD42-2E83C69F2A4A} = {D8E749E8-9967-4DD3-91BD-6B05010FB5DB}
		{483F2D28-BA2E-4EEF-A7D1-3B8FFBCECC0B} = {50E71A57-69CA-4B0B-A08C-55D846870287}
		{7A11A84A-66E9-44E9-BB7C-27A1D2C47EF0} = {982ABB4E-A5DC-4C78-87A3-30BF49DD5764}
		{89682CD7-1CC9-4FC3-8DAE-948F17BA8940} = {982ABB4E-A5DC-4C78-87A3-30BF49DD5764}
		{1EBF25A3-DFD9-4808-8320-D4480BE7334F} = {982ABB4E-A5DC-4C78-87A3-30BF49DD5764}
	EndGlobalSection
	GlobalSection(ExtensibilityGlobals) = postSolution
		SolutionGuid = {67048500-54F1-4071-B01E-6215AD81A909}
	EndGlobalSection
EndGlobal
