
Microsoft Visual Studio Solution File, Format Version 12.00
# Visual Studio Version 16
VisualStudioVersion = 16.0.28721.148
MinimumVisualStudioVersion = 10.0.40219.1
Project("{2150E333-8FDC-42A3-9474-1A3956D46DE8}") = "Solution Items", "Solution Items", "{2BBC8CBA-8689-4011-A69E-E83F02A0738B}"
	ProjectSection(SolutionItems) = preProject
		.editorconfig = .editorconfig
	EndProjectSection
EndProject
Project("{9A19103F-16F7-4668-BE54-9A1E7A4F7556}") = "HomeCenter.Actors", "HomeCenter.Actors\HomeCenter.Actors.csproj", "{1AC6251F-1264-4841-9F3A-E23C13DCB1E3}"
EndProject
Project("{9A19103F-16F7-4668-BE54-9A1E7A4F7556}") = "HomeCenter.Actors.Tests", "HomeCenter.Actors.Tests\HomeCenter.Actors.Tests.csproj", "{D51499DB-B4AF-4D8A-8086-3EE2443DF99B}"
EndProject
Project("{9A19103F-16F7-4668-BE54-9A1E7A4F7556}") = "HomeCenter.CodeGeneration", "HomeCenter.CodeGeneration\HomeCenter.CodeGeneration.csproj", "{45EADA24-F0C4-4758-A3DA-7AC6AF373828}"
EndProject
Project("{9A19103F-16F7-4668-BE54-9A1E7A4F7556}") = "HomeCenter.EventAggregator", "HomeCenter.EventAggregator\HomeCenter.EventAggregator.csproj", "{508683A9-EB1E-4E31-B921-311A6092E3DE}"
EndProject
Project("{9A19103F-16F7-4668-BE54-9A1E7A4F7556}") = "HomeCenter.Model", "HomeCenter.Model\HomeCenter.Model.csproj", "{1862386C-73E8-4299-895A-FFDFB14AFE9E}"
EndProject
Project("{9A19103F-16F7-4668-BE54-9A1E7A4F7556}") = "HomeCenter.Runner", "HomeCenter.Runner\HomeCenter.Runner.csproj", "{8721691B-FAC3-4B80-B28C-C3B92FF28219}"
EndProject
Project("{9A19103F-16F7-4668-BE54-9A1E7A4F7556}") = "HomeCenter.Services", "HomeCenter.Services\HomeCenter.Services.csproj", "{A8871EE7-DF0B-4ADD-BBF3-5081294E622E}"
EndProject
Project("{9A19103F-16F7-4668-BE54-9A1E7A4F7556}") = "HomeCenter.Storage.RavenDB", "HomeCenter.Storage.RavenDB\HomeCenter.Storage.RavenDB.csproj", "{F60D9546-F929-4918-A99D-5FEADBD2D22E}"
EndProject
Project("{9A19103F-16F7-4668-BE54-9A1E7A4F7556}") = "HomeCenter.Tests", "HomeCenter.Tests\HomeCenter.Tests.csproj", "{4D27E428-D799-4B31-8BBF-46B2F6CE234E}"
EndProject
Project("{FAE04EC0-301F-11D3-BF4B-00C04F79EFBC}") = "HomeCenter.Extensions", "HomeCenter.Extensions\HomeCenter.Extensions.csproj", "{D6A2143D-80BF-49B2-89DB-AD7E4B8F1A42}"
EndProject
Project("{FAE04EC0-301F-11D3-BF4B-00C04F79EFBC}") = "HomeCenter.Assemblies", "HomeCenter.Assemblies\HomeCenter.Assemblies.csproj", "{80FE35E5-ED7C-4A22-8157-4A7E9311934C}"
EndProject
Project("{FAE04EC0-301F-11D3-BF4B-00C04F79EFBC}") = "HomeCenter.Devices", "HomeCenter.Devices\HomeCenter.Devices.csproj", "{C84451C5-B437-4E3F-B49E-C480E07E16DF}"
EndProject
Global
	GlobalSection(SolutionConfigurationPlatforms) = preSolution
		Debug|Any CPU = Debug|Any CPU
		Release|Any CPU = Release|Any CPU
	EndGlobalSection
	GlobalSection(ProjectConfigurationPlatforms) = postSolution
		{1AC6251F-1264-4841-9F3A-E23C13DCB1E3}.Debug|Any CPU.ActiveCfg = Debug|Any CPU
		{1AC6251F-1264-4841-9F3A-E23C13DCB1E3}.Debug|Any CPU.Build.0 = Debug|Any CPU
		{1AC6251F-1264-4841-9F3A-E23C13DCB1E3}.Release|Any CPU.ActiveCfg = Release|Any CPU
		{1AC6251F-1264-4841-9F3A-E23C13DCB1E3}.Release|Any CPU.Build.0 = Release|Any CPU
		{D51499DB-B4AF-4D8A-8086-3EE2443DF99B}.Debug|Any CPU.ActiveCfg = Debug|Any CPU
		{D51499DB-B4AF-4D8A-8086-3EE2443DF99B}.Debug|Any CPU.Build.0 = Debug|Any CPU
		{D51499DB-B4AF-4D8A-8086-3EE2443DF99B}.Release|Any CPU.ActiveCfg = Release|Any CPU
		{D51499DB-B4AF-4D8A-8086-3EE2443DF99B}.Release|Any CPU.Build.0 = Release|Any CPU
		{45EADA24-F0C4-4758-A3DA-7AC6AF373828}.Debug|Any CPU.ActiveCfg = Debug|Any CPU
		{45EADA24-F0C4-4758-A3DA-7AC6AF373828}.Debug|Any CPU.Build.0 = Debug|Any CPU
		{45EADA24-F0C4-4758-A3DA-7AC6AF373828}.Release|Any CPU.ActiveCfg = Release|Any CPU
		{45EADA24-F0C4-4758-A3DA-7AC6AF373828}.Release|Any CPU.Build.0 = Release|Any CPU
		{508683A9-EB1E-4E31-B921-311A6092E3DE}.Debug|Any CPU.ActiveCfg = Debug|Any CPU
		{508683A9-EB1E-4E31-B921-311A6092E3DE}.Debug|Any CPU.Build.0 = Debug|Any CPU
		{508683A9-EB1E-4E31-B921-311A6092E3DE}.Release|Any CPU.ActiveCfg = Release|Any CPU
		{508683A9-EB1E-4E31-B921-311A6092E3DE}.Release|Any CPU.Build.0 = Release|Any CPU
		{1862386C-73E8-4299-895A-FFDFB14AFE9E}.Debug|Any CPU.ActiveCfg = Debug|Any CPU
		{1862386C-73E8-4299-895A-FFDFB14AFE9E}.Debug|Any CPU.Build.0 = Debug|Any CPU
		{1862386C-73E8-4299-895A-FFDFB14AFE9E}.Release|Any CPU.ActiveCfg = Release|Any CPU
		{1862386C-73E8-4299-895A-FFDFB14AFE9E}.Release|Any CPU.Build.0 = Release|Any CPU
		{8721691B-FAC3-4B80-B28C-C3B92FF28219}.Debug|Any CPU.ActiveCfg = Debug|Any CPU
		{8721691B-FAC3-4B80-B28C-C3B92FF28219}.Debug|Any CPU.Build.0 = Debug|Any CPU
		{8721691B-FAC3-4B80-B28C-C3B92FF28219}.Release|Any CPU.ActiveCfg = Release|Any CPU
		{8721691B-FAC3-4B80-B28C-C3B92FF28219}.Release|Any CPU.Build.0 = Release|Any CPU
		{A8871EE7-DF0B-4ADD-BBF3-5081294E622E}.Debug|Any CPU.ActiveCfg = Debug|Any CPU
		{A8871EE7-DF0B-4ADD-BBF3-5081294E622E}.Debug|Any CPU.Build.0 = Debug|Any CPU
		{A8871EE7-DF0B-4ADD-BBF3-5081294E622E}.Release|Any CPU.ActiveCfg = Release|Any CPU
		{A8871EE7-DF0B-4ADD-BBF3-5081294E622E}.Release|Any CPU.Build.0 = Release|Any CPU
		{F60D9546-F929-4918-A99D-5FEADBD2D22E}.Debug|Any CPU.ActiveCfg = Debug|Any CPU
		{F60D9546-F929-4918-A99D-5FEADBD2D22E}.Debug|Any CPU.Build.0 = Debug|Any CPU
		{F60D9546-F929-4918-A99D-5FEADBD2D22E}.Release|Any CPU.ActiveCfg = Release|Any CPU
		{F60D9546-F929-4918-A99D-5FEADBD2D22E}.Release|Any CPU.Build.0 = Release|Any CPU
		{4D27E428-D799-4B31-8BBF-46B2F6CE234E}.Debug|Any CPU.ActiveCfg = Debug|Any CPU
		{4D27E428-D799-4B31-8BBF-46B2F6CE234E}.Debug|Any CPU.Build.0 = Debug|Any CPU
		{4D27E428-D799-4B31-8BBF-46B2F6CE234E}.Release|Any CPU.ActiveCfg = Release|Any CPU
		{4D27E428-D799-4B31-8BBF-46B2F6CE234E}.Release|Any CPU.Build.0 = Release|Any CPU
		{D6A2143D-80BF-49B2-89DB-AD7E4B8F1A42}.Debug|Any CPU.ActiveCfg = Debug|Any CPU
		{D6A2143D-80BF-49B2-89DB-AD7E4B8F1A42}.Debug|Any CPU.Build.0 = Debug|Any CPU
		{D6A2143D-80BF-49B2-89DB-AD7E4B8F1A42}.Release|Any CPU.ActiveCfg = Release|Any CPU
		{D6A2143D-80BF-49B2-89DB-AD7E4B8F1A42}.Release|Any CPU.Build.0 = Release|Any CPU
		{80FE35E5-ED7C-4A22-8157-4A7E9311934C}.Debug|Any CPU.ActiveCfg = Debug|Any CPU
		{80FE35E5-ED7C-4A22-8157-4A7E9311934C}.Debug|Any CPU.Build.0 = Debug|Any CPU
		{80FE35E5-ED7C-4A22-8157-4A7E9311934C}.Release|Any CPU.ActiveCfg = Release|Any CPU
		{80FE35E5-ED7C-4A22-8157-4A7E9311934C}.Release|Any CPU.Build.0 = Release|Any CPU
		{C84451C5-B437-4E3F-B49E-C480E07E16DF}.Debug|Any CPU.ActiveCfg = Debug|Any CPU
		{C84451C5-B437-4E3F-B49E-C480E07E16DF}.Debug|Any CPU.Build.0 = Debug|Any CPU
		{C84451C5-B437-4E3F-B49E-C480E07E16DF}.Release|Any CPU.ActiveCfg = Release|Any CPU
		{C84451C5-B437-4E3F-B49E-C480E07E16DF}.Release|Any CPU.Build.0 = Release|Any CPU
	EndGlobalSection
	GlobalSection(SolutionProperties) = preSolution
		HideSolutionNode = FALSE
	EndGlobalSection
	GlobalSection(ExtensibilityGlobals) = postSolution
		SolutionGuid = {67048500-54F1-4071-B01E-6215AD81A909}
	EndGlobalSection
EndGlobal
