
Microsoft Visual Studio Solution File, Format Version 12.00
# Visual Studio Version 16
VisualStudioVersion = 16.0.28721.148
MinimumVisualStudioVersion = 10.0.40219.1
Project("{2150E333-8FDC-42A3-9474-1A3956D46DE8}") = "Solution Items", "Solution Items", "{2BBC8CBA-8689-4011-A69E-E83F02A0738B}"
	ProjectSection(SolutionItems) = preProject
		.editorconfig = .editorconfig
		Directory.Build.props = Directory.Build.props
		Directory.Build.targets = Directory.Build.targets
	EndProjectSection
EndProject
Project("{9A19103F-16F7-4668-BE54-9A1E7A4F7556}") = "HomeCenter.Actors", "HomeCenter.Actors\HomeCenter.Actors.csproj", "{1AC6251F-1264-4841-9F3A-E23C13DCB1E3}"
EndProject
Project("{9A19103F-16F7-4668-BE54-9A1E7A4F7556}") = "HomeCenter.Actors.Tests", "HomeCenter.Actors.Tests\HomeCenter.Actors.Tests.csproj", "{D51499DB-B4AF-4D8A-8086-3EE2443DF99B}"
EndProject
Project("{9A19103F-16F7-4668-BE54-9A1E7A4F7556}") = "HomeCenter.EventAggregator", "HomeCenter.EventAggregator\HomeCenter.EventAggregator.csproj", "{508683A9-EB1E-4E31-B921-311A6092E3DE}"
EndProject
Project("{9A19103F-16F7-4668-BE54-9A1E7A4F7556}") = "HomeCenter.Storage.RavenDB", "HomeCenter.Storage.RavenDB\HomeCenter.Storage.RavenDB.csproj", "{F60D9546-F929-4918-A99D-5FEADBD2D22E}"
EndProject
Project("{9A19103F-16F7-4668-BE54-9A1E7A4F7556}") = "HomeCenter.Extensions", "HomeCenter.Extensions\HomeCenter.Extensions.csproj", "{D6A2143D-80BF-49B2-89DB-AD7E4B8F1A42}"
EndProject
Project("{9A19103F-16F7-4668-BE54-9A1E7A4F7556}") = "HomeCenter.Devices", "HomeCenter.Devices\HomeCenter.Devices.csproj", "{C84451C5-B437-4E3F-B49E-C480E07E16DF}"
EndProject
Project("{9A19103F-16F7-4668-BE54-9A1E7A4F7556}") = "HomeCenter.Quartz", "HomeCenter.Quartz\HomeCenter.Quartz.csproj", "{FAC5EEC5-B1FC-48A8-964E-918FC5C253C3}"
EndProject
Project("{9A19103F-16F7-4668-BE54-9A1E7A4F7556}") = "HomeCenter.MessageBroker", "HomeCenter.MessageBroker\HomeCenter.MessageBroker.csproj", "{0F89C7D4-774D-4BA6-BBA9-D7C5AAAAF9EB}"
EndProject
Project("{9A19103F-16F7-4668-BE54-9A1E7A4F7556}") = "HomeCenter.ActorCompiler", "HomeCenter.ActorCompiler\HomeCenter.ActorCompiler.csproj", "{6A869DA7-3B14-4BB7-B856-3CFB16C7BCB1}"
EndProject
Project("{9A19103F-16F7-4668-BE54-9A1E7A4F7556}") = "HomeCenter.Configuration", "HomeCenter.Configuration\HomeCenter.Configuration.csproj", "{8E9546FE-D28A-4065-B6E9-1B537220E32D}"
EndProject
Project("{9A19103F-16F7-4668-BE54-9A1E7A4F7556}") = "HomeCenter.App", "HomeCenter.App\HomeCenter.App.csproj", "{8EB6C879-7815-42D1-971F-C2E397573FC8}"
EndProject
Project("{9A19103F-16F7-4668-BE54-9A1E7A4F7556}") = "HomeCenter.Abstractions", "HomeCenter.Abstractions\HomeCenter.Abstractions.csproj", "{A3376FEC-48C8-4DE2-A862-C87EB3650CA1}"
EndProject
Project("{9A19103F-16F7-4668-BE54-9A1E7A4F7556}") = "HomeCenter.Core", "HomeCenter.Core\HomeCenter.Core.csproj", "{18EA1E8D-2400-405F-8C15-5CB938A39401}"
EndProject
Project("{9A19103F-16F7-4668-BE54-9A1E7A4F7556}") = "HomeCenter.EventAggregator.Abstractions", "HomeCenter.EventAggregator.Abstractions\HomeCenter.EventAggregator.Abstractions.csproj", "{4B84EF27-0E59-45A7-9482-DCAC3B1A1D97}"
EndProject
Project("{9A19103F-16F7-4668-BE54-9A1E7A4F7556}") = "HomeCenter.Actors.Core", "HomeCenter.Actors.Core\HomeCenter.Actors.Core.csproj", "{11549470-6E75-4D2E-BFE6-D932BFF5E743}"
EndProject
Project("{9A19103F-16F7-4668-BE54-9A1E7A4F7556}") = "HomeCenter.Converters", "HomeCenter.Converters\HomeCenter.Converters.csproj", "{4B95DDB8-1BD5-4966-8982-C527BF41DB4C}"
EndProject
Project("{9A19103F-16F7-4668-BE54-9A1E7A4F7556}") = "HomeCenter.Components", "HomeCenter.Components\HomeCenter.Components.csproj", "{E748E99C-C7F5-4985-87DC-CE4D31C54D22}"
EndProject
Project("{9A19103F-16F7-4668-BE54-9A1E7A4F7556}") = "HomeCenter.Messages", "HomeCenter.Messages\HomeCenter.Messages.csproj", "{5F72EFF0-480F-4F93-AFB9-F2EF63BC7B5B}"
EndProject
Project("{9A19103F-16F7-4668-BE54-9A1E7A4F7556}") = "HomeCenter.Capabilities", "HomeCenter.Capabilities\HomeCenter.Capabilities.csproj", "{705C12D4-5DDB-4EB4-B10D-F64423E8A034}"
EndProject
Project("{9A19103F-16F7-4668-BE54-9A1E7A4F7556}") = "HomeCenter.Extensions.Assemblies", "HomeCenter.Extensions.Assemblies\HomeCenter.Extensions.Assemblies.csproj", "{D313A4A1-2550-4CB0-A5D8-8064DA29DB10}"
EndProject
Project("{9A19103F-16F7-4668-BE54-9A1E7A4F7556}") = "HomeCenter.Conditions", "HomeCenter.Conditions\HomeCenter.Conditions.csproj", "{F5242F88-6EF0-422B-9CE2-15D6BD2C954E}"
EndProject
Project("{9A19103F-16F7-4668-BE54-9A1E7A4F7556}") = "HomeCenter.SourceGenerators", "HomeCenter.SourceGenerators\HomeCenter.SourceGenerators.csproj", "{54E05C05-7308-4FD9-9BA6-982E3DAF0165}"
EndProject
Project("{9A19103F-16F7-4668-BE54-9A1E7A4F7556}") = "HomeCenter.SourceGenerators.Tests", "HomeCenter.SourceGenerators.Tests\HomeCenter.SourceGenerators.Tests.csproj", "{F81F36BC-7185-4682-B923-5ED2D063993F}"
EndProject
Project("{9A19103F-16F7-4668-BE54-9A1E7A4F7556}") = "HomeCenter.Runner", "HomeCenter.Runner\HomeCenter.Runner.csproj", "{BC9D2A1D-D00B-4D25-8FC8-A25495E8F949}"
EndProject
Project("{FAE04EC0-301F-11D3-BF4B-00C04F79EFBC}") = "HomeCenter.LocalFakes", "HomeCenter.LocalFakes\HomeCenter.LocalFakes.csproj", "{B638BB36-E603-4740-9854-C75B15ADE507}"
EndProject
Project("{FAE04EC0-301F-11D3-BF4B-00C04F79EFBC}") = "HomeCenter.Utils", "..\HomeCenter.Utils\HomeCenter.Utils.csproj", "{B5AD121A-18B8-4F07-B272-36DA5E05DCCA}"
EndProject
Global
	GlobalSection(SolutionConfigurationPlatforms) = preSolution
		Debug|Any CPU = Debug|Any CPU
		Release|Any CPU = Release|Any CPU
	EndGlobalSection
	GlobalSection(ProjectConfigurationPlatforms) = postSolution
		{1AC6251F-1264-4841-9F3A-E23C13DCB1E3}.Debug|Any CPU.ActiveCfg = Debug|Any CPU
		{1AC6251F-1264-4841-9F3A-E23C13DCB1E3}.Debug|Any CPU.Build.0 = Debug|Any CPU
		{1AC6251F-1264-4841-9F3A-E23C13DCB1E3}.Release|Any CPU.ActiveCfg = Release|Any CPU
		{1AC6251F-1264-4841-9F3A-E23C13DCB1E3}.Release|Any CPU.Build.0 = Release|Any CPU
		{D51499DB-B4AF-4D8A-8086-3EE2443DF99B}.Debug|Any CPU.ActiveCfg = Debug|Any CPU
		{D51499DB-B4AF-4D8A-8086-3EE2443DF99B}.Debug|Any CPU.Build.0 = Debug|Any CPU
		{D51499DB-B4AF-4D8A-8086-3EE2443DF99B}.Release|Any CPU.ActiveCfg = Release|Any CPU
		{D51499DB-B4AF-4D8A-8086-3EE2443DF99B}.Release|Any CPU.Build.0 = Release|Any CPU
		{508683A9-EB1E-4E31-B921-311A6092E3DE}.Debug|Any CPU.ActiveCfg = Debug|Any CPU
		{508683A9-EB1E-4E31-B921-311A6092E3DE}.Debug|Any CPU.Build.0 = Debug|Any CPU
		{508683A9-EB1E-4E31-B921-311A6092E3DE}.Release|Any CPU.ActiveCfg = Release|Any CPU
		{508683A9-EB1E-4E31-B921-311A6092E3DE}.Release|Any CPU.Build.0 = Release|Any CPU
		{F60D9546-F929-4918-A99D-5FEADBD2D22E}.Debug|Any CPU.ActiveCfg = Debug|Any CPU
		{F60D9546-F929-4918-A99D-5FEADBD2D22E}.Debug|Any CPU.Build.0 = Debug|Any CPU
		{F60D9546-F929-4918-A99D-5FEADBD2D22E}.Release|Any CPU.ActiveCfg = Release|Any CPU
		{F60D9546-F929-4918-A99D-5FEADBD2D22E}.Release|Any CPU.Build.0 = Release|Any CPU
		{D6A2143D-80BF-49B2-89DB-AD7E4B8F1A42}.Debug|Any CPU.ActiveCfg = Debug|Any CPU
		{D6A2143D-80BF-49B2-89DB-AD7E4B8F1A42}.Debug|Any CPU.Build.0 = Debug|Any CPU
		{D6A2143D-80BF-49B2-89DB-AD7E4B8F1A42}.Release|Any CPU.ActiveCfg = Release|Any CPU
		{D6A2143D-80BF-49B2-89DB-AD7E4B8F1A42}.Release|Any CPU.Build.0 = Release|Any CPU
		{C84451C5-B437-4E3F-B49E-C480E07E16DF}.Debug|Any CPU.ActiveCfg = Debug|Any CPU
		{C84451C5-B437-4E3F-B49E-C480E07E16DF}.Debug|Any CPU.Build.0 = Debug|Any CPU
		{C84451C5-B437-4E3F-B49E-C480E07E16DF}.Release|Any CPU.ActiveCfg = Release|Any CPU
		{C84451C5-B437-4E3F-B49E-C480E07E16DF}.Release|Any CPU.Build.0 = Release|Any CPU
		{FAC5EEC5-B1FC-48A8-964E-918FC5C253C3}.Debug|Any CPU.ActiveCfg = Debug|Any CPU
		{FAC5EEC5-B1FC-48A8-964E-918FC5C253C3}.Debug|Any CPU.Build.0 = Debug|Any CPU
		{FAC5EEC5-B1FC-48A8-964E-918FC5C253C3}.Release|Any CPU.ActiveCfg = Release|Any CPU
		{FAC5EEC5-B1FC-48A8-964E-918FC5C253C3}.Release|Any CPU.Build.0 = Release|Any CPU
		{0F89C7D4-774D-4BA6-BBA9-D7C5AAAAF9EB}.Debug|Any CPU.ActiveCfg = Debug|Any CPU
		{0F89C7D4-774D-4BA6-BBA9-D7C5AAAAF9EB}.Debug|Any CPU.Build.0 = Debug|Any CPU
		{0F89C7D4-774D-4BA6-BBA9-D7C5AAAAF9EB}.Release|Any CPU.ActiveCfg = Release|Any CPU
		{0F89C7D4-774D-4BA6-BBA9-D7C5AAAAF9EB}.Release|Any CPU.Build.0 = Release|Any CPU
		{6A869DA7-3B14-4BB7-B856-3CFB16C7BCB1}.Debug|Any CPU.ActiveCfg = Debug|Any CPU
		{6A869DA7-3B14-4BB7-B856-3CFB16C7BCB1}.Debug|Any CPU.Build.0 = Debug|Any CPU
		{6A869DA7-3B14-4BB7-B856-3CFB16C7BCB1}.Release|Any CPU.ActiveCfg = Release|Any CPU
		{6A869DA7-3B14-4BB7-B856-3CFB16C7BCB1}.Release|Any CPU.Build.0 = Release|Any CPU
		{8E9546FE-D28A-4065-B6E9-1B537220E32D}.Debug|Any CPU.ActiveCfg = Debug|Any CPU
		{8E9546FE-D28A-4065-B6E9-1B537220E32D}.Debug|Any CPU.Build.0 = Debug|Any CPU
		{8E9546FE-D28A-4065-B6E9-1B537220E32D}.Release|Any CPU.ActiveCfg = Release|Any CPU
		{8E9546FE-D28A-4065-B6E9-1B537220E32D}.Release|Any CPU.Build.0 = Release|Any CPU
		{8EB6C879-7815-42D1-971F-C2E397573FC8}.Debug|Any CPU.ActiveCfg = Debug|Any CPU
		{8EB6C879-7815-42D1-971F-C2E397573FC8}.Debug|Any CPU.Build.0 = Debug|Any CPU
		{8EB6C879-7815-42D1-971F-C2E397573FC8}.Release|Any CPU.ActiveCfg = Release|Any CPU
		{8EB6C879-7815-42D1-971F-C2E397573FC8}.Release|Any CPU.Build.0 = Release|Any CPU
		{A3376FEC-48C8-4DE2-A862-C87EB3650CA1}.Debug|Any CPU.ActiveCfg = Debug|Any CPU
		{A3376FEC-48C8-4DE2-A862-C87EB3650CA1}.Debug|Any CPU.Build.0 = Debug|Any CPU
		{A3376FEC-48C8-4DE2-A862-C87EB3650CA1}.Release|Any CPU.ActiveCfg = Release|Any CPU
		{A3376FEC-48C8-4DE2-A862-C87EB3650CA1}.Release|Any CPU.Build.0 = Release|Any CPU
		{18EA1E8D-2400-405F-8C15-5CB938A39401}.Debug|Any CPU.ActiveCfg = Debug|Any CPU
		{18EA1E8D-2400-405F-8C15-5CB938A39401}.Debug|Any CPU.Build.0 = Debug|Any CPU
		{18EA1E8D-2400-405F-8C15-5CB938A39401}.Release|Any CPU.ActiveCfg = Release|Any CPU
		{18EA1E8D-2400-405F-8C15-5CB938A39401}.Release|Any CPU.Build.0 = Release|Any CPU
		{4B84EF27-0E59-45A7-9482-DCAC3B1A1D97}.Debug|Any CPU.ActiveCfg = Debug|Any CPU
		{4B84EF27-0E59-45A7-9482-DCAC3B1A1D97}.Debug|Any CPU.Build.0 = Debug|Any CPU
		{4B84EF27-0E59-45A7-9482-DCAC3B1A1D97}.Release|Any CPU.ActiveCfg = Release|Any CPU
		{4B84EF27-0E59-45A7-9482-DCAC3B1A1D97}.Release|Any CPU.Build.0 = Release|Any CPU
		{11549470-6E75-4D2E-BFE6-D932BFF5E743}.Debug|Any CPU.ActiveCfg = Debug|Any CPU
		{11549470-6E75-4D2E-BFE6-D932BFF5E743}.Debug|Any CPU.Build.0 = Debug|Any CPU
		{11549470-6E75-4D2E-BFE6-D932BFF5E743}.Release|Any CPU.ActiveCfg = Release|Any CPU
		{11549470-6E75-4D2E-BFE6-D932BFF5E743}.Release|Any CPU.Build.0 = Release|Any CPU
		{4B95DDB8-1BD5-4966-8982-C527BF41DB4C}.Debug|Any CPU.ActiveCfg = Debug|Any CPU
		{4B95DDB8-1BD5-4966-8982-C527BF41DB4C}.Debug|Any CPU.Build.0 = Debug|Any CPU
		{4B95DDB8-1BD5-4966-8982-C527BF41DB4C}.Release|Any CPU.ActiveCfg = Release|Any CPU
		{4B95DDB8-1BD5-4966-8982-C527BF41DB4C}.Release|Any CPU.Build.0 = Release|Any CPU
		{E748E99C-C7F5-4985-87DC-CE4D31C54D22}.Debug|Any CPU.ActiveCfg = Debug|Any CPU
		{E748E99C-C7F5-4985-87DC-CE4D31C54D22}.Debug|Any CPU.Build.0 = Debug|Any CPU
		{E748E99C-C7F5-4985-87DC-CE4D31C54D22}.Release|Any CPU.ActiveCfg = Release|Any CPU
		{E748E99C-C7F5-4985-87DC-CE4D31C54D22}.Release|Any CPU.Build.0 = Release|Any CPU
		{5F72EFF0-480F-4F93-AFB9-F2EF63BC7B5B}.Debug|Any CPU.ActiveCfg = Debug|Any CPU
		{5F72EFF0-480F-4F93-AFB9-F2EF63BC7B5B}.Debug|Any CPU.Build.0 = Debug|Any CPU
		{5F72EFF0-480F-4F93-AFB9-F2EF63BC7B5B}.Release|Any CPU.ActiveCfg = Release|Any CPU
		{5F72EFF0-480F-4F93-AFB9-F2EF63BC7B5B}.Release|Any CPU.Build.0 = Release|Any CPU
		{705C12D4-5DDB-4EB4-B10D-F64423E8A034}.Debug|Any CPU.ActiveCfg = Debug|Any CPU
		{705C12D4-5DDB-4EB4-B10D-F64423E8A034}.Debug|Any CPU.Build.0 = Debug|Any CPU
		{705C12D4-5DDB-4EB4-B10D-F64423E8A034}.Release|Any CPU.ActiveCfg = Release|Any CPU
		{705C12D4-5DDB-4EB4-B10D-F64423E8A034}.Release|Any CPU.Build.0 = Release|Any CPU
		{D313A4A1-2550-4CB0-A5D8-8064DA29DB10}.Debug|Any CPU.ActiveCfg = Debug|Any CPU
		{D313A4A1-2550-4CB0-A5D8-8064DA29DB10}.Debug|Any CPU.Build.0 = Debug|Any CPU
		{D313A4A1-2550-4CB0-A5D8-8064DA29DB10}.Release|Any CPU.ActiveCfg = Release|Any CPU
		{D313A4A1-2550-4CB0-A5D8-8064DA29DB10}.Release|Any CPU.Build.0 = Release|Any CPU
		{F5242F88-6EF0-422B-9CE2-15D6BD2C954E}.Debug|Any CPU.ActiveCfg = Debug|Any CPU
		{F5242F88-6EF0-422B-9CE2-15D6BD2C954E}.Debug|Any CPU.Build.0 = Debug|Any CPU
		{F5242F88-6EF0-422B-9CE2-15D6BD2C954E}.Release|Any CPU.ActiveCfg = Release|Any CPU
		{F5242F88-6EF0-422B-9CE2-15D6BD2C954E}.Release|Any CPU.Build.0 = Release|Any CPU
		{54E05C05-7308-4FD9-9BA6-982E3DAF0165}.Debug|Any CPU.ActiveCfg = Debug|Any CPU
		{54E05C05-7308-4FD9-9BA6-982E3DAF0165}.Debug|Any CPU.Build.0 = Debug|Any CPU
		{54E05C05-7308-4FD9-9BA6-982E3DAF0165}.Release|Any CPU.ActiveCfg = Release|Any CPU
		{54E05C05-7308-4FD9-9BA6-982E3DAF0165}.Release|Any CPU.Build.0 = Release|Any CPU
		{F81F36BC-7185-4682-B923-5ED2D063993F}.Debug|Any CPU.ActiveCfg = Debug|Any CPU
		{F81F36BC-7185-4682-B923-5ED2D063993F}.Debug|Any CPU.Build.0 = Debug|Any CPU
		{F81F36BC-7185-4682-B923-5ED2D063993F}.Release|Any CPU.ActiveCfg = Release|Any CPU
		{F81F36BC-7185-4682-B923-5ED2D063993F}.Release|Any CPU.Build.0 = Release|Any CPU
		{BC9D2A1D-D00B-4D25-8FC8-A25495E8F949}.Debug|Any CPU.ActiveCfg = Debug|Any CPU
		{BC9D2A1D-D00B-4D25-8FC8-A25495E8F949}.Debug|Any CPU.Build.0 = Debug|Any CPU
		{BC9D2A1D-D00B-4D25-8FC8-A25495E8F949}.Release|Any CPU.ActiveCfg = Release|Any CPU
		{BC9D2A1D-D00B-4D25-8FC8-A25495E8F949}.Release|Any CPU.Build.0 = Release|Any CPU
		{B638BB36-E603-4740-9854-C75B15ADE507}.Debug|Any CPU.ActiveCfg = Debug|Any CPU
		{B638BB36-E603-4740-9854-C75B15ADE507}.Debug|Any CPU.Build.0 = Debug|Any CPU
		{B638BB36-E603-4740-9854-C75B15ADE507}.Release|Any CPU.ActiveCfg = Release|Any CPU
		{B638BB36-E603-4740-9854-C75B15ADE507}.Release|Any CPU.Build.0 = Release|Any CPU
		{B5AD121A-18B8-4F07-B272-36DA5E05DCCA}.Debug|Any CPU.ActiveCfg = Debug|Any CPU
		{B5AD121A-18B8-4F07-B272-36DA5E05DCCA}.Debug|Any CPU.Build.0 = Debug|Any CPU
		{B5AD121A-18B8-4F07-B272-36DA5E05DCCA}.Release|Any CPU.ActiveCfg = Release|Any CPU
		{B5AD121A-18B8-4F07-B272-36DA5E05DCCA}.Release|Any CPU.Build.0 = Release|Any CPU
	EndGlobalSection
	GlobalSection(SolutionProperties) = preSolution
		HideSolutionNode = FALSE
	EndGlobalSection
	GlobalSection(ExtensibilityGlobals) = postSolution
		SolutionGuid = {67048500-54F1-4071-B01E-6215AD81A909}
	EndGlobalSection
EndGlobal
